
Microsoft Visual Studio Solution File, Format Version 12.00
# Visual Studio 14
VisualStudioVersion = 14.0.25420.1
MinimumVisualStudioVersion = 10.0.40219.1
Project("{888888A0-9F3D-457C-B088-3A5042F75D52}") = "diffusion-map", "diffusion-map\diffusion-map.pyproj", "{8107ADE7-B523-4AE6-8CC6-CF8E02C14ACD}"
EndProject
Global
	GlobalSection(SolutionConfigurationPlatforms) = preSolution
		Debug|Any CPU = Debug|Any CPU
		Release|Any CPU = Release|Any CPU
	EndGlobalSection
	GlobalSection(ProjectConfigurationPlatforms) = postSolution
		{8107ADE7-B523-4AE6-8CC6-CF8E02C14ACD}.Debug|Any CPU.ActiveCfg = Debug|Any CPU
		{8107ADE7-B523-4AE6-8CC6-CF8E02C14ACD}.Release|Any CPU.ActiveCfg = Release|Any CPU
	EndGlobalSection
	GlobalSection(SolutionProperties) = preSolution
		HideSolutionNode = FALSE
	EndGlobalSection
EndGlobal
